
Microsoft Visual Studio Solution File, Format Version 12.00
# Visual Studio 2013
VisualStudioVersion = 12.0.21005.1
MinimumVisualStudioVersion = 10.0.40219.1
Project("{2150E333-8FDC-42A3-9474-1A3956D46DE8}") = "Packaging", "Packaging", "{7FC38533-D29F-4FB4-8400-A5F6B5F5D147}"
	ProjectSection(SolutionItems) = preProject
		Liftkit.nuspec = Liftkit.nuspec
	EndProjectSection
EndProject
Project("{FAE04EC0-301F-11D3-BF4B-00C04F79EFBC}") = "System.Portable.Base", "System.Portable.Base\System.Portable.Base.csproj", "{7B4AAC1F-B7EE-4CDB-ADE4-9DF44A0199EB}"
EndProject
Project("{FAE04EC0-301F-11D3-BF4B-00C04F79EFBC}") = "Harness.Autofac", "..\Components\Harness.Autofac\Harness.Autofac.csproj", "{C22014C9-5F4E-45CF-8EA0-2A714D66C0CB}"
EndProject
Project("{2150E333-8FDC-42A3-9474-1A3956D46DE8}") = ".nuget", ".nuget", "{8E0BEB13-A881-40E4-8A30-137F76415FBB}"
	ProjectSection(SolutionItems) = preProject
		.nuget\NuGet.Config = .nuget\NuGet.Config
		.nuget\NuGet.exe = .nuget\NuGet.exe
		.nuget\NuGet.targets = .nuget\NuGet.targets
	EndProjectSection
EndProject
Project("{FAE04EC0-301F-11D3-BF4B-00C04F79EFBC}") = "Harness.Net", "..\Polymer\Harness.Net\Harness.Net.csproj", "{6CE26D39-1740-4A99-BEF4-8EDBD7FE2811}"
EndProject
Project("{FAE04EC0-301F-11D3-BF4B-00C04F79EFBC}") = "Harness.Http", "..\SlipStream\Harness.Http\Harness.Http.csproj", "{E9F64644-6A70-40AD-B210-68A9D439E050}"
EndProject
Project("{FAE04EC0-301F-11D3-BF4B-00C04F79EFBC}") = "Harness.Web.Owin", "..\SlipStream\Harness.Web.Owin\Harness.Web.Owin.csproj", "{66F01FBB-782B-45D4-9A92-6F266B3887C5}"
EndProject
Project("{FAE04EC0-301F-11D3-BF4B-00C04F79EFBC}") = "Harness.Server", "..\SlipStream\Harness.Server\Harness.Server.csproj", "{65212F1F-BD71-436B-B442-E405582F4C91}"
EndProject
Project("{FAE04EC0-301F-11D3-BF4B-00C04F79EFBC}") = "Harness.Web.WebApi2", "..\SlipStream\Harness.Web.WebApi2\Harness.Web.WebApi2.csproj", "{12C779DE-C8DB-4894-AA53-797C191A62F1}"
EndProject
Project("{FAE04EC0-301F-11D3-BF4B-00C04F79EFBC}") = "System.Portable.Web", "System.Portable.Web\System.Portable.Web.csproj", "{6FBC0E13-B5A6-47B2-8931-C093AED7652D}"
EndProject
Project("{FAE04EC0-301F-11D3-BF4B-00C04F79EFBC}") = "Harness.Server.Windows", "..\SlipStream\Harness.Server.Windows\Harness.Server.Windows.csproj", "{A3C77E43-8663-445B-8C06-F82DA3F32402}"
EndProject
Project("{FAE04EC0-301F-11D3-BF4B-00C04F79EFBC}") = "Harness.Web.Mvc", "..\SlipStream\Harness.Web.Mvc\Harness.Web.Mvc.csproj", "{39462A18-20A4-4EB6-A917-93B3162EA39A}"
EndProject
Project("{FAE04EC0-301F-11D3-BF4B-00C04F79EFBC}") = "Harness.Net.EF", "Harness.Net.EF\Harness.Net.EF.csproj", "{3A1D4F14-5A15-4911-9565-C615940D69A8}"
EndProject
Global
	GlobalSection(SolutionConfigurationPlatforms) = preSolution
		Debug|Any CPU = Debug|Any CPU
		Release|Any CPU = Release|Any CPU
	EndGlobalSection
	GlobalSection(ProjectConfigurationPlatforms) = postSolution
		{7B4AAC1F-B7EE-4CDB-ADE4-9DF44A0199EB}.Debug|Any CPU.ActiveCfg = Debug|Any CPU
		{7B4AAC1F-B7EE-4CDB-ADE4-9DF44A0199EB}.Debug|Any CPU.Build.0 = Debug|Any CPU
		{7B4AAC1F-B7EE-4CDB-ADE4-9DF44A0199EB}.Release|Any CPU.ActiveCfg = Release|Any CPU
		{7B4AAC1F-B7EE-4CDB-ADE4-9DF44A0199EB}.Release|Any CPU.Build.0 = Release|Any CPU
		{C22014C9-5F4E-45CF-8EA0-2A714D66C0CB}.Debug|Any CPU.ActiveCfg = Debug|Any CPU
		{C22014C9-5F4E-45CF-8EA0-2A714D66C0CB}.Debug|Any CPU.Build.0 = Debug|Any CPU
		{C22014C9-5F4E-45CF-8EA0-2A714D66C0CB}.Release|Any CPU.ActiveCfg = Release|Any CPU
		{C22014C9-5F4E-45CF-8EA0-2A714D66C0CB}.Release|Any CPU.Build.0 = Release|Any CPU
		{6CE26D39-1740-4A99-BEF4-8EDBD7FE2811}.Debug|Any CPU.ActiveCfg = Debug|Any CPU
		{6CE26D39-1740-4A99-BEF4-8EDBD7FE2811}.Debug|Any CPU.Build.0 = Debug|Any CPU
		{6CE26D39-1740-4A99-BEF4-8EDBD7FE2811}.Release|Any CPU.ActiveCfg = Release|Any CPU
		{6CE26D39-1740-4A99-BEF4-8EDBD7FE2811}.Release|Any CPU.Build.0 = Release|Any CPU
		{E9F64644-6A70-40AD-B210-68A9D439E050}.Debug|Any CPU.ActiveCfg = Debug|Any CPU
		{E9F64644-6A70-40AD-B210-68A9D439E050}.Debug|Any CPU.Build.0 = Debug|Any CPU
		{E9F64644-6A70-40AD-B210-68A9D439E050}.Release|Any CPU.ActiveCfg = Release|Any CPU
		{E9F64644-6A70-40AD-B210-68A9D439E050}.Release|Any CPU.Build.0 = Release|Any CPU
		{66F01FBB-782B-45D4-9A92-6F266B3887C5}.Debug|Any CPU.ActiveCfg = Debug|Any CPU
		{66F01FBB-782B-45D4-9A92-6F266B3887C5}.Debug|Any CPU.Build.0 = Debug|Any CPU
		{66F01FBB-782B-45D4-9A92-6F266B3887C5}.Release|Any CPU.ActiveCfg = Release|Any CPU
		{66F01FBB-782B-45D4-9A92-6F266B3887C5}.Release|Any CPU.Build.0 = Release|Any CPU
		{65212F1F-BD71-436B-B442-E405582F4C91}.Debug|Any CPU.ActiveCfg = Debug|Any CPU
		{65212F1F-BD71-436B-B442-E405582F4C91}.Debug|Any CPU.Build.0 = Debug|Any CPU
		{65212F1F-BD71-436B-B442-E405582F4C91}.Release|Any CPU.ActiveCfg = Release|Any CPU
		{65212F1F-BD71-436B-B442-E405582F4C91}.Release|Any CPU.Build.0 = Release|Any CPU
		{12C779DE-C8DB-4894-AA53-797C191A62F1}.Debug|Any CPU.ActiveCfg = Debug|Any CPU
		{12C779DE-C8DB-4894-AA53-797C191A62F1}.Debug|Any CPU.Build.0 = Debug|Any CPU
		{12C779DE-C8DB-4894-AA53-797C191A62F1}.Release|Any CPU.ActiveCfg = Release|Any CPU
		{12C779DE-C8DB-4894-AA53-797C191A62F1}.Release|Any CPU.Build.0 = Release|Any CPU
		{6FBC0E13-B5A6-47B2-8931-C093AED7652D}.Debug|Any CPU.ActiveCfg = Debug|Any CPU
		{6FBC0E13-B5A6-47B2-8931-C093AED7652D}.Debug|Any CPU.Build.0 = Debug|Any CPU
		{6FBC0E13-B5A6-47B2-8931-C093AED7652D}.Release|Any CPU.ActiveCfg = Release|Any CPU
		{6FBC0E13-B5A6-47B2-8931-C093AED7652D}.Release|Any CPU.Build.0 = Release|Any CPU
		{A3C77E43-8663-445B-8C06-F82DA3F32402}.Debug|Any CPU.ActiveCfg = Debug|Any CPU
		{A3C77E43-8663-445B-8C06-F82DA3F32402}.Debug|Any CPU.Build.0 = Debug|Any CPU
		{A3C77E43-8663-445B-8C06-F82DA3F32402}.Release|Any CPU.ActiveCfg = Release|Any CPU
		{A3C77E43-8663-445B-8C06-F82DA3F32402}.Release|Any CPU.Build.0 = Release|Any CPU
		{39462A18-20A4-4EB6-A917-93B3162EA39A}.Debug|Any CPU.ActiveCfg = Debug|Any CPU
		{39462A18-20A4-4EB6-A917-93B3162EA39A}.Debug|Any CPU.Build.0 = Debug|Any CPU
		{39462A18-20A4-4EB6-A917-93B3162EA39A}.Release|Any CPU.ActiveCfg = Release|Any CPU
		{39462A18-20A4-4EB6-A917-93B3162EA39A}.Release|Any CPU.Build.0 = Release|Any CPU
		{3A1D4F14-5A15-4911-9565-C615940D69A8}.Debug|Any CPU.ActiveCfg = Debug|Any CPU
		{3A1D4F14-5A15-4911-9565-C615940D69A8}.Debug|Any CPU.Build.0 = Debug|Any CPU
		{3A1D4F14-5A15-4911-9565-C615940D69A8}.Release|Any CPU.ActiveCfg = Release|Any CPU
		{3A1D4F14-5A15-4911-9565-C615940D69A8}.Release|Any CPU.Build.0 = Release|Any CPU
	EndGlobalSection
	GlobalSection(SolutionProperties) = preSolution
		HideSolutionNode = FALSE
	EndGlobalSection
EndGlobal
