
Microsoft Visual Studio Solution File, Format Version 12.00
# Visual Studio 2012
Project("{FAE04EC0-301F-11D3-BF4B-00C04F79EFBC}") = "Harness", "Harness\Harness.csproj", "{0F713405-EEF7-4927-995D-1F6692C0BF5B}"
EndProject
Global
	GlobalSection(SolutionConfigurationPlatforms) = preSolution
		Debug|Any CPU = Debug|Any CPU
		Release|Any CPU = Release|Any CPU
	EndGlobalSection
	GlobalSection(ProjectConfigurationPlatforms) = postSolution
		{0F713405-EEF7-4927-995D-1F6692C0BF5B}.Debug|Any CPU.ActiveCfg = Debug|Any CPU
		{0F713405-EEF7-4927-995D-1F6692C0BF5B}.Debug|Any CPU.Build.0 = Debug|Any CPU
		{0F713405-EEF7-4927-995D-1F6692C0BF5B}.Release|Any CPU.ActiveCfg = Release|Any CPU
		{0F713405-EEF7-4927-995D-1F6692C0BF5B}.Release|Any CPU.Build.0 = Release|Any CPU
	EndGlobalSection
	GlobalSection(MonoDevelopProperties) = preSolution
		StartupItem = Harness\Harness.csproj
	EndGlobalSection
	GlobalSection(SolutionProperties) = preSolution
		HideSolutionNode = FALSE
	EndGlobalSection
EndGlobal
