
Microsoft Visual Studio Solution File, Format Version 12.00
# Visual Studio 2013
VisualStudioVersion = 12.0.21005.1
MinimumVisualStudioVersion = 10.0.40219.1
Project("{2150E333-8FDC-42A3-9474-1A3956D46DE8}") = ".nuget", ".nuget", "{1386A480-4524-4967-B853-6735BBE74740}"
	ProjectSection(SolutionItems) = preProject
		.nuget\NuGet.Config = .nuget\NuGet.Config
		.nuget\NuGet.exe = .nuget\NuGet.exe
		.nuget\NuGet.targets = .nuget\NuGet.targets
	EndProjectSection
EndProject
Project("{2150E333-8FDC-42A3-9474-1A3956D46DE8}") = ".Net Framework", ".Net Framework", "{DE3DA51F-1769-415B-8A59-44119D894E75}"
EndProject
Project("{2150E333-8FDC-42A3-9474-1A3956D46DE8}") = "Caliburn.Micro", "Caliburn.Micro", "{6062556E-F290-4775-BE16-C8A00BD0A5EA}"
EndProject
Project("{FAE04EC0-301F-11D3-BF4B-00C04F79EFBC}") = "Harness.Net.Caliburn.Micro", "Harness.Net.Caliburn.Micro\Harness.Net.Caliburn.Micro.csproj", "{C9009BC2-3472-4CC1-ABE5-413B3E1CECF9}"
EndProject
Project("{2150E333-8FDC-42A3-9474-1A3956D46DE8}") = "Web", "Web", "{AE522581-0218-4D58-8541-9F63917A2E38}"
EndProject
Project("{FAE04EC0-301F-11D3-BF4B-00C04F79EFBC}") = "Harness.Autofac", "Harness.Autofac\Harness.Autofac.csproj", "{C22014C9-5F4E-45CF-8EA0-2A714D66C0CB}"
EndProject
Project("{2150E333-8FDC-42A3-9474-1A3956D46DE8}") = "iOS", "iOS", "{EA30BE24-D60E-4E5F-AE06-FF6DE310187A}"
EndProject
Project("{2150E333-8FDC-42A3-9474-1A3956D46DE8}") = "ReactiveUI", "ReactiveUI", "{641C72D6-9A96-4F93-B263-E0523B85C129}"
EndProject
Project("{FAE04EC0-301F-11D3-BF4B-00C04F79EFBC}") = "Harness.iOS", "Harness.iOS\Harness.iOS.csproj", "{A4150738-5520-4A7A-A30C-D52C2939ACE1}"
EndProject
Project("{2150E333-8FDC-42A3-9474-1A3956D46DE8}") = "Platforms", "Platforms", "{F87A80BF-4744-4B85-8193-6ED84CA2D14F}"
EndProject
Project("{2150E333-8FDC-42A3-9474-1A3956D46DE8}") = "Frameworks", "Frameworks", "{1A092D7F-533C-40E4-94F9-026E379C4315}"
EndProject
Project("{2150E333-8FDC-42A3-9474-1A3956D46DE8}") = "Services", "Services", "{020FE2F5-0B94-41A2-871D-FFDF5DECABCD}"
EndProject
Project("{FAE04EC0-301F-11D3-BF4B-00C04F79EFBC}") = "Harness.TinyIOC", "Harness.TinyIOC\Harness.TinyIOC.csproj", "{60AF9C5F-C443-4DDE-920F-74E89727F612}"
EndProject
Project("{FAE04EC0-301F-11D3-BF4B-00C04F79EFBC}") = "Harness.TinyMessenger", "Harness.TinyMessenger\Harness.TinyMessenger.csproj", "{A01612FA-B9E1-4A77-9BBD-D577EE5A02FE}"
EndProject
Project("{2150E333-8FDC-42A3-9474-1A3956D46DE8}") = "System", "System", "{424F8933-76F0-475A-8FC9-7F8BCB0E6148}"
EndProject
Project("{FAE04EC0-301F-11D3-BF4B-00C04F79EFBC}") = "System.Abstractions", "System.Abstractions\System.Abstractions.csproj", "{B0722A49-4916-46A2-BFB2-909ECDED2B77}"
EndProject
Project("{FAE04EC0-301F-11D3-BF4B-00C04F79EFBC}") = "System.Composition", "System.Composition\System.Composition.csproj", "{56C5A053-85F1-41CF-B704-FAA427C91C37}"
EndProject
Project("{FAE04EC0-301F-11D3-BF4B-00C04F79EFBC}") = "System.Extensions", "System.Extensions\System.Extensions.csproj", "{CA7AB995-1105-40EE-9D3D-3D2A87778E00}"
EndProject
Project("{FAE04EC0-301F-11D3-BF4B-00C04F79EFBC}") = "Harness.Net", "Harness.Net\Harness.Net.csproj", "{6CE26D39-1740-4A99-BEF4-8EDBD7FE2811}"
EndProject
Project("{FAE04EC0-301F-11D3-BF4B-00C04F79EFBC}") = "Harness.Http", "Harness.Http\Harness.Http.csproj", "{E9F64644-6A70-40AD-B210-68A9D439E050}"
EndProject
Project("{FAE04EC0-301F-11D3-BF4B-00C04F79EFBC}") = "Harness.Web.Mvc", "Harness.Web.Mvc\Harness.Web.Mvc.csproj", "{39462A18-20A4-4EB6-A917-93B3162EA39A}"
EndProject
Project("{FAE04EC0-301F-11D3-BF4B-00C04F79EFBC}") = "Harness.Web.WebApi2", "Harness.Web.WebApi2\Harness.Web.WebApi2.csproj", "{12C779DE-C8DB-4894-AA53-797C191A62F1}"
EndProject
Project("{FAE04EC0-301F-11D3-BF4B-00C04F79EFBC}") = "Harness.Web.Owin", "Harness.Web.Owin\Harness.Web.Owin.csproj", "{66F01FBB-782B-45D4-9A92-6F266B3887C5}"
EndProject
Project("{FAE04EC0-301F-11D3-BF4B-00C04F79EFBC}") = "Harness.Web.Signalr", "Harness.Web.Signalr\Harness.Web.Signalr.csproj", "{971B3CF9-1E4B-4949-AFAF-2E063F029CDC}"
EndProject
Project("{FAE04EC0-301F-11D3-BF4B-00C04F79EFBC}") = "Harness.Web.Mvc.Site", "Harness.Web.Mvc.Site\Harness.Web.Mvc.Site.csproj", "{687D5405-F399-4470-B956-6A801BB0E1A7}"
EndProject
Project("{FAE04EC0-301F-11D3-BF4B-00C04F79EFBC}") = "Harness.Web.Mvc.Site.Tests", "Harness.Web.Mvc.Site.Tests\Harness.Web.Mvc.Site.Tests.csproj", "{E352E418-28A1-4759-A903-6EA96B5B1586}"
EndProject
Project("{FAE04EC0-301F-11D3-BF4B-00C04F79EFBC}") = "Harness.Web.WebApi2.AspNet", "Harness.Web.WebApi2.IIS\Harness.Web.WebApi2.AspNet.csproj", "{8A580F31-1B7A-48C8-B8D8-5E3494809002}"
EndProject
Project("{2150E333-8FDC-42A3-9474-1A3956D46DE8}") = "Applications", "Applications", "{2702C407-C875-42B4-B026-6014D2AB4141}"
EndProject
Project("{2150E333-8FDC-42A3-9474-1A3956D46DE8}") = "Website", "Website", "{96087655-574F-400D-A1E3-5433C0D5A16B}"
EndProject
Project("{2150E333-8FDC-42A3-9474-1A3956D46DE8}") = "Desktop", "Desktop", "{EB9A2014-09DC-432D-8E4E-EC85ACE4E495}"
EndProject
Project("{FAE04EC0-301F-11D3-BF4B-00C04F79EFBC}") = "Timesheets", "Timesheets\Timesheets.csproj", "{E40B1374-9C7B-4EC8-AE93-E9073B492A12}"
EndProject
Project("{FAE04EC0-301F-11D3-BF4B-00C04F79EFBC}") = "Timesheets.Services", "Timesheets.Services\Timesheets.Services.csproj", "{39C8F9B1-648C-4402-A327-9568D85C3E07}"
EndProject
Project("{2150E333-8FDC-42A3-9474-1A3956D46DE8}") = "Entity Framework", "Entity Framework", "{609CE0CE-8F8B-4BCF-BEAB-B14D00B56A18}"
EndProject
Project("{2150E333-8FDC-42A3-9474-1A3956D46DE8}") = "CapitalHost", "CapitalHost", "{E04B0ED4-F414-44A1-972E-E42BBD8E4623}"
EndProject
Project("{FAE04EC0-301F-11D3-BF4B-00C04F79EFBC}") = "Harness.Server", "Harness.Server\Harness.Server.csproj", "{65212F1F-BD71-436B-B442-E405582F4C91}"
EndProject
Project("{FAE04EC0-301F-11D3-BF4B-00C04F79EFBC}") = "Harness.Server.Windows", "Harness,Server.Windows\Harness.Server.Windows.csproj", "{A3C77E43-8663-445B-8C06-F82DA3F32402}"
EndProject
Project("{FAE04EC0-301F-11D3-BF4B-00C04F79EFBC}") = "Timesheets.HostedApplication", "Timesheets.HostedApplication\Timesheets.HostedApplication.csproj", "{8F1A7BC8-945B-440E-9891-E4F28CE761A6}"
EndProject
Global
	GlobalSection(SolutionConfigurationPlatforms) = preSolution
		Debug|Any CPU = Debug|Any CPU
		Release|Any CPU = Release|Any CPU
	EndGlobalSection
	GlobalSection(ProjectConfigurationPlatforms) = postSolution
		{C9009BC2-3472-4CC1-ABE5-413B3E1CECF9}.Debug|Any CPU.ActiveCfg = Debug|Any CPU
		{C9009BC2-3472-4CC1-ABE5-413B3E1CECF9}.Debug|Any CPU.Build.0 = Debug|Any CPU
		{C9009BC2-3472-4CC1-ABE5-413B3E1CECF9}.Release|Any CPU.ActiveCfg = Release|Any CPU
		{C9009BC2-3472-4CC1-ABE5-413B3E1CECF9}.Release|Any CPU.Build.0 = Release|Any CPU
		{C22014C9-5F4E-45CF-8EA0-2A714D66C0CB}.Debug|Any CPU.ActiveCfg = Debug|Any CPU
		{C22014C9-5F4E-45CF-8EA0-2A714D66C0CB}.Debug|Any CPU.Build.0 = Debug|Any CPU
		{C22014C9-5F4E-45CF-8EA0-2A714D66C0CB}.Release|Any CPU.ActiveCfg = Release|Any CPU
		{C22014C9-5F4E-45CF-8EA0-2A714D66C0CB}.Release|Any CPU.Build.0 = Release|Any CPU
		{A4150738-5520-4A7A-A30C-D52C2939ACE1}.Debug|Any CPU.ActiveCfg = Debug|Any CPU
		{A4150738-5520-4A7A-A30C-D52C2939ACE1}.Debug|Any CPU.Build.0 = Debug|Any CPU
		{A4150738-5520-4A7A-A30C-D52C2939ACE1}.Release|Any CPU.ActiveCfg = Release|Any CPU
		{A4150738-5520-4A7A-A30C-D52C2939ACE1}.Release|Any CPU.Build.0 = Release|Any CPU
		{60AF9C5F-C443-4DDE-920F-74E89727F612}.Debug|Any CPU.ActiveCfg = Debug|Any CPU
		{60AF9C5F-C443-4DDE-920F-74E89727F612}.Debug|Any CPU.Build.0 = Debug|Any CPU
		{60AF9C5F-C443-4DDE-920F-74E89727F612}.Release|Any CPU.ActiveCfg = Release|Any CPU
		{60AF9C5F-C443-4DDE-920F-74E89727F612}.Release|Any CPU.Build.0 = Release|Any CPU
		{A01612FA-B9E1-4A77-9BBD-D577EE5A02FE}.Debug|Any CPU.ActiveCfg = Debug|Any CPU
		{A01612FA-B9E1-4A77-9BBD-D577EE5A02FE}.Debug|Any CPU.Build.0 = Debug|Any CPU
		{A01612FA-B9E1-4A77-9BBD-D577EE5A02FE}.Release|Any CPU.ActiveCfg = Release|Any CPU
		{A01612FA-B9E1-4A77-9BBD-D577EE5A02FE}.Release|Any CPU.Build.0 = Release|Any CPU
		{B0722A49-4916-46A2-BFB2-909ECDED2B77}.Debug|Any CPU.ActiveCfg = Debug|Any CPU
		{B0722A49-4916-46A2-BFB2-909ECDED2B77}.Debug|Any CPU.Build.0 = Debug|Any CPU
		{B0722A49-4916-46A2-BFB2-909ECDED2B77}.Release|Any CPU.ActiveCfg = Release|Any CPU
		{B0722A49-4916-46A2-BFB2-909ECDED2B77}.Release|Any CPU.Build.0 = Release|Any CPU
		{56C5A053-85F1-41CF-B704-FAA427C91C37}.Debug|Any CPU.ActiveCfg = Debug|Any CPU
		{56C5A053-85F1-41CF-B704-FAA427C91C37}.Debug|Any CPU.Build.0 = Debug|Any CPU
		{56C5A053-85F1-41CF-B704-FAA427C91C37}.Release|Any CPU.ActiveCfg = Release|Any CPU
		{56C5A053-85F1-41CF-B704-FAA427C91C37}.Release|Any CPU.Build.0 = Release|Any CPU
		{CA7AB995-1105-40EE-9D3D-3D2A87778E00}.Debug|Any CPU.ActiveCfg = Debug|Any CPU
		{CA7AB995-1105-40EE-9D3D-3D2A87778E00}.Debug|Any CPU.Build.0 = Debug|Any CPU
		{CA7AB995-1105-40EE-9D3D-3D2A87778E00}.Release|Any CPU.ActiveCfg = Release|Any CPU
		{CA7AB995-1105-40EE-9D3D-3D2A87778E00}.Release|Any CPU.Build.0 = Release|Any CPU
		{6CE26D39-1740-4A99-BEF4-8EDBD7FE2811}.Debug|Any CPU.ActiveCfg = Debug|Any CPU
		{6CE26D39-1740-4A99-BEF4-8EDBD7FE2811}.Debug|Any CPU.Build.0 = Debug|Any CPU
		{6CE26D39-1740-4A99-BEF4-8EDBD7FE2811}.Release|Any CPU.ActiveCfg = Release|Any CPU
		{6CE26D39-1740-4A99-BEF4-8EDBD7FE2811}.Release|Any CPU.Build.0 = Release|Any CPU
		{E9F64644-6A70-40AD-B210-68A9D439E050}.Debug|Any CPU.ActiveCfg = Debug|Any CPU
		{E9F64644-6A70-40AD-B210-68A9D439E050}.Debug|Any CPU.Build.0 = Debug|Any CPU
		{E9F64644-6A70-40AD-B210-68A9D439E050}.Release|Any CPU.ActiveCfg = Release|Any CPU
		{E9F64644-6A70-40AD-B210-68A9D439E050}.Release|Any CPU.Build.0 = Release|Any CPU
		{39462A18-20A4-4EB6-A917-93B3162EA39A}.Debug|Any CPU.ActiveCfg = Debug|Any CPU
		{39462A18-20A4-4EB6-A917-93B3162EA39A}.Debug|Any CPU.Build.0 = Debug|Any CPU
		{39462A18-20A4-4EB6-A917-93B3162EA39A}.Release|Any CPU.ActiveCfg = Release|Any CPU
		{39462A18-20A4-4EB6-A917-93B3162EA39A}.Release|Any CPU.Build.0 = Release|Any CPU
		{12C779DE-C8DB-4894-AA53-797C191A62F1}.Debug|Any CPU.ActiveCfg = Debug|Any CPU
		{12C779DE-C8DB-4894-AA53-797C191A62F1}.Debug|Any CPU.Build.0 = Debug|Any CPU
		{12C779DE-C8DB-4894-AA53-797C191A62F1}.Release|Any CPU.ActiveCfg = Release|Any CPU
		{12C779DE-C8DB-4894-AA53-797C191A62F1}.Release|Any CPU.Build.0 = Release|Any CPU
		{66F01FBB-782B-45D4-9A92-6F266B3887C5}.Debug|Any CPU.ActiveCfg = Debug|Any CPU
		{66F01FBB-782B-45D4-9A92-6F266B3887C5}.Debug|Any CPU.Build.0 = Debug|Any CPU
		{66F01FBB-782B-45D4-9A92-6F266B3887C5}.Release|Any CPU.ActiveCfg = Release|Any CPU
		{66F01FBB-782B-45D4-9A92-6F266B3887C5}.Release|Any CPU.Build.0 = Release|Any CPU
		{971B3CF9-1E4B-4949-AFAF-2E063F029CDC}.Debug|Any CPU.ActiveCfg = Debug|Any CPU
		{971B3CF9-1E4B-4949-AFAF-2E063F029CDC}.Debug|Any CPU.Build.0 = Debug|Any CPU
		{971B3CF9-1E4B-4949-AFAF-2E063F029CDC}.Release|Any CPU.ActiveCfg = Release|Any CPU
		{971B3CF9-1E4B-4949-AFAF-2E063F029CDC}.Release|Any CPU.Build.0 = Release|Any CPU
		{687D5405-F399-4470-B956-6A801BB0E1A7}.Debug|Any CPU.ActiveCfg = Debug|Any CPU
		{687D5405-F399-4470-B956-6A801BB0E1A7}.Debug|Any CPU.Build.0 = Debug|Any CPU
		{687D5405-F399-4470-B956-6A801BB0E1A7}.Release|Any CPU.ActiveCfg = Release|Any CPU
		{687D5405-F399-4470-B956-6A801BB0E1A7}.Release|Any CPU.Build.0 = Release|Any CPU
		{E352E418-28A1-4759-A903-6EA96B5B1586}.Debug|Any CPU.ActiveCfg = Debug|Any CPU
		{E352E418-28A1-4759-A903-6EA96B5B1586}.Debug|Any CPU.Build.0 = Debug|Any CPU
		{E352E418-28A1-4759-A903-6EA96B5B1586}.Release|Any CPU.ActiveCfg = Release|Any CPU
		{E352E418-28A1-4759-A903-6EA96B5B1586}.Release|Any CPU.Build.0 = Release|Any CPU
		{8A580F31-1B7A-48C8-B8D8-5E3494809002}.Debug|Any CPU.ActiveCfg = Debug|Any CPU
		{8A580F31-1B7A-48C8-B8D8-5E3494809002}.Debug|Any CPU.Build.0 = Debug|Any CPU
		{8A580F31-1B7A-48C8-B8D8-5E3494809002}.Release|Any CPU.ActiveCfg = Release|Any CPU
		{8A580F31-1B7A-48C8-B8D8-5E3494809002}.Release|Any CPU.Build.0 = Release|Any CPU
		{E40B1374-9C7B-4EC8-AE93-E9073B492A12}.Debug|Any CPU.ActiveCfg = Debug|Any CPU
		{E40B1374-9C7B-4EC8-AE93-E9073B492A12}.Debug|Any CPU.Build.0 = Debug|Any CPU
		{E40B1374-9C7B-4EC8-AE93-E9073B492A12}.Release|Any CPU.ActiveCfg = Release|Any CPU
		{E40B1374-9C7B-4EC8-AE93-E9073B492A12}.Release|Any CPU.Build.0 = Release|Any CPU
		{39C8F9B1-648C-4402-A327-9568D85C3E07}.Debug|Any CPU.ActiveCfg = Debug|Any CPU
		{39C8F9B1-648C-4402-A327-9568D85C3E07}.Debug|Any CPU.Build.0 = Debug|Any CPU
		{39C8F9B1-648C-4402-A327-9568D85C3E07}.Release|Any CPU.ActiveCfg = Release|Any CPU
		{39C8F9B1-648C-4402-A327-9568D85C3E07}.Release|Any CPU.Build.0 = Release|Any CPU
		{65212F1F-BD71-436B-B442-E405582F4C91}.Debug|Any CPU.ActiveCfg = Debug|Any CPU
		{65212F1F-BD71-436B-B442-E405582F4C91}.Debug|Any CPU.Build.0 = Debug|Any CPU
		{65212F1F-BD71-436B-B442-E405582F4C91}.Release|Any CPU.ActiveCfg = Release|Any CPU
		{65212F1F-BD71-436B-B442-E405582F4C91}.Release|Any CPU.Build.0 = Release|Any CPU
		{A3C77E43-8663-445B-8C06-F82DA3F32402}.Debug|Any CPU.ActiveCfg = Debug|Any CPU
		{A3C77E43-8663-445B-8C06-F82DA3F32402}.Debug|Any CPU.Build.0 = Debug|Any CPU
		{A3C77E43-8663-445B-8C06-F82DA3F32402}.Release|Any CPU.ActiveCfg = Release|Any CPU
		{A3C77E43-8663-445B-8C06-F82DA3F32402}.Release|Any CPU.Build.0 = Release|Any CPU
		{8F1A7BC8-945B-440E-9891-E4F28CE761A6}.Debug|Any CPU.ActiveCfg = Debug|Any CPU
		{8F1A7BC8-945B-440E-9891-E4F28CE761A6}.Debug|Any CPU.Build.0 = Debug|Any CPU
		{8F1A7BC8-945B-440E-9891-E4F28CE761A6}.Release|Any CPU.ActiveCfg = Release|Any CPU
		{8F1A7BC8-945B-440E-9891-E4F28CE761A6}.Release|Any CPU.Build.0 = Release|Any CPU
	EndGlobalSection
	GlobalSection(SolutionProperties) = preSolution
		HideSolutionNode = FALSE
	EndGlobalSection
	GlobalSection(NestedProjects) = preSolution
		{AE522581-0218-4D58-8541-9F63917A2E38} = {F87A80BF-4744-4B85-8193-6ED84CA2D14F}
		{EA30BE24-D60E-4E5F-AE06-FF6DE310187A} = {F87A80BF-4744-4B85-8193-6ED84CA2D14F}
		{DE3DA51F-1769-415B-8A59-44119D894E75} = {F87A80BF-4744-4B85-8193-6ED84CA2D14F}
		{6062556E-F290-4775-BE16-C8A00BD0A5EA} = {1A092D7F-533C-40E4-94F9-026E379C4315}
		{641C72D6-9A96-4F93-B263-E0523B85C129} = {1A092D7F-533C-40E4-94F9-026E379C4315}
		{609CE0CE-8F8B-4BCF-BEAB-B14D00B56A18} = {1A092D7F-533C-40E4-94F9-026E379C4315}
		{C9009BC2-3472-4CC1-ABE5-413B3E1CECF9} = {6062556E-F290-4775-BE16-C8A00BD0A5EA}
		{E9F64644-6A70-40AD-B210-68A9D439E050} = {AE522581-0218-4D58-8541-9F63917A2E38}
		{39462A18-20A4-4EB6-A917-93B3162EA39A} = {AE522581-0218-4D58-8541-9F63917A2E38}
		{12C779DE-C8DB-4894-AA53-797C191A62F1} = {AE522581-0218-4D58-8541-9F63917A2E38}
		{66F01FBB-782B-45D4-9A92-6F266B3887C5} = {AE522581-0218-4D58-8541-9F63917A2E38}
		{971B3CF9-1E4B-4949-AFAF-2E063F029CDC} = {AE522581-0218-4D58-8541-9F63917A2E38}
		{8A580F31-1B7A-48C8-B8D8-5E3494809002} = {AE522581-0218-4D58-8541-9F63917A2E38}
		{C22014C9-5F4E-45CF-8EA0-2A714D66C0CB} = {020FE2F5-0B94-41A2-871D-FFDF5DECABCD}
		{60AF9C5F-C443-4DDE-920F-74E89727F612} = {020FE2F5-0B94-41A2-871D-FFDF5DECABCD}
		{A01612FA-B9E1-4A77-9BBD-D577EE5A02FE} = {020FE2F5-0B94-41A2-871D-FFDF5DECABCD}
		{A4150738-5520-4A7A-A30C-D52C2939ACE1} = {EA30BE24-D60E-4E5F-AE06-FF6DE310187A}
		{6CE26D39-1740-4A99-BEF4-8EDBD7FE2811} = {DE3DA51F-1769-415B-8A59-44119D894E75}
		{B0722A49-4916-46A2-BFB2-909ECDED2B77} = {424F8933-76F0-475A-8FC9-7F8BCB0E6148}
		{56C5A053-85F1-41CF-B704-FAA427C91C37} = {424F8933-76F0-475A-8FC9-7F8BCB0E6148}
		{CA7AB995-1105-40EE-9D3D-3D2A87778E00} = {424F8933-76F0-475A-8FC9-7F8BCB0E6148}
		{96087655-574F-400D-A1E3-5433C0D5A16B} = {2702C407-C875-42B4-B026-6014D2AB4141}
		{EB9A2014-09DC-432D-8E4E-EC85ACE4E495} = {2702C407-C875-42B4-B026-6014D2AB4141}
		{E04B0ED4-F414-44A1-972E-E42BBD8E4623} = {2702C407-C875-42B4-B026-6014D2AB4141}
		{687D5405-F399-4470-B956-6A801BB0E1A7} = {96087655-574F-400D-A1E3-5433C0D5A16B}
		{E352E418-28A1-4759-A903-6EA96B5B1586} = {96087655-574F-400D-A1E3-5433C0D5A16B}
		{E40B1374-9C7B-4EC8-AE93-E9073B492A12} = {EB9A2014-09DC-432D-8E4E-EC85ACE4E495}
		{39C8F9B1-648C-4402-A327-9568D85C3E07} = {EB9A2014-09DC-432D-8E4E-EC85ACE4E495}
		{8F1A7BC8-945B-440E-9891-E4F28CE761A6} = {EB9A2014-09DC-432D-8E4E-EC85ACE4E495}
		{65212F1F-BD71-436B-B442-E405582F4C91} = {E04B0ED4-F414-44A1-972E-E42BBD8E4623}
		{A3C77E43-8663-445B-8C06-F82DA3F32402} = {E04B0ED4-F414-44A1-972E-E42BBD8E4623}
	EndGlobalSection
EndGlobal
