
Microsoft Visual Studio Solution File, Format Version 12.00
# Visual Studio 2013
VisualStudioVersion = 12.0.30110.0
MinimumVisualStudioVersion = 10.0.40219.1
Project("{FAE04EC0-301F-11D3-BF4B-00C04F79EFBC}") = "System.Portable", "System.Portable\System.Portable.csproj", "{356C0C83-E896-43D5-8294-6D5C1FF18050}"
EndProject
Project("{2150E333-8FDC-42A3-9474-1A3956D46DE8}") = ".nuget", ".nuget", "{C76CF480-ACCB-4071-8476-5A145884A966}"
	ProjectSection(SolutionItems) = preProject
		.nuget\NuGet.Config = .nuget\NuGet.Config
		.nuget\NuGet.exe = .nuget\NuGet.exe
		.nuget\NuGet.targets = .nuget\NuGet.targets
	EndProjectSection
EndProject
Project("{FAE04EC0-301F-11D3-BF4B-00C04F79EFBC}") = "System.NetFramework", "System.NetFramework\System.NetFramework.csproj", "{95EEF4A4-7F04-495B-8DD2-544E2FE02E05}"
EndProject
Project("{FAE04EC0-301F-11D3-BF4B-00C04F79EFBC}") = "System.Composition.Autofac", "System.Composition.Autofac\System.Composition.Autofac.csproj", "{15CF52D3-B7F4-4FED-BE83-9A4E8B941DD4}"
EndProject
Project("{2150E333-8FDC-42A3-9474-1A3956D46DE8}") = "Autofac", "Autofac", "{26A0705C-F68B-4877-B980-CAC93F4B0053}"
EndProject
Project("{2150E333-8FDC-42A3-9474-1A3956D46DE8}") = "Caliburn.Micro", "Caliburn.Micro", "{A3560D61-5985-47B8-B3C0-6B6FAC46DD0F}"
EndProject
Project("{FAE04EC0-301F-11D3-BF4B-00C04F79EFBC}") = "Sandbox", "Sandbox\Sandbox.csproj", "{539D9945-49CA-4AC3-BAF5-1BAA63E4397E}"
EndProject
Project("{2150E333-8FDC-42A3-9474-1A3956D46DE8}") = "Core", "Core", "{32E62CF5-79E7-47EB-B2E8-035BDD8B9916}"
EndProject
Project("{FAE04EC0-301F-11D3-BF4B-00C04F79EFBC}") = "System.Composition.CaliburnMicro", "System.Composition.CaliburnMicro\System.Composition.CaliburnMicro.csproj", "{0D6B185A-D6DA-4995-B6AF-238FB7E3BFBD}"
EndProject
Project("{FAE04EC0-301F-11D3-BF4B-00C04F79EFBC}") = "System.Composition.CaliburnMicro.Autofac", "System.Composition.CaliburnMicro.Autofac\System.Composition.CaliburnMicro.Autofac.csproj", "{00F47F69-E339-44E2-8E30-D61D1FC0A213}"
EndProject
Project("{FAE04EC0-301F-11D3-BF4B-00C04F79EFBC}") = "System.Portable.Tests", "System.Portable.Tests\System.Portable.Tests.csproj", "{29BDA849-309A-496B-9A54-0CF339FD4F51}"
EndProject
Project("{2150E333-8FDC-42A3-9474-1A3956D46DE8}") = "Web", "Web", "{5B35BBF2-A538-497E-9101-110405355BB6}"
EndProject
Project("{2150E333-8FDC-42A3-9474-1A3956D46DE8}") = "Server", "Server", "{AC9E9739-6D9D-43C1-AC47-CC34237E5453}"
EndProject
Project("{2150E333-8FDC-42A3-9474-1A3956D46DE8}") = "Core", "Core", "{56065458-94E5-4F81-ACD4-902EA6D83DCB}"
EndProject
Project("{FAE04EC0-301F-11D3-BF4B-00C04F79EFBC}") = "System.Owin", "System.Owin\System.Owin.csproj", "{0993B43A-C663-4BB1-B723-9AB33EDF967A}"
EndProject
Project("{FAE04EC0-301F-11D3-BF4B-00C04F79EFBC}") = "System.Web.Server", "System.Web.Server\System.Web.Server.csproj", "{9E9A6174-4B32-47D3-A6FB-8EEFFD2BA068}"
EndProject
Project("{FAE04EC0-301F-11D3-BF4B-00C04F79EFBC}") = "System.Owin.WebApi2", "System.Owin.WebApi2\System.Owin.WebApi2.csproj", "{7CB20AEA-6471-4A8C-A679-15EDE13BCEFA}"
EndProject
Project("{2150E333-8FDC-42A3-9474-1A3956D46DE8}") = "Slipstream", "Slipstream", "{9A88ADC4-025D-4793-9BAA-F0F42F89DE07}"
EndProject
Project("{FAE04EC0-301F-11D3-BF4B-00C04F79EFBC}") = "System.Web.Slipstream", "System.Web.Slipstream\System.Web.Slipstream.csproj", "{3A38B0EB-D061-4D03-BF1E-329D94450593}"
EndProject
Project("{FAE04EC0-301F-11D3-BF4B-00C04F79EFBC}") = "System.Web.Mvc.Composition", "System.Web.Mvc.Composition\System.Web.Mvc.Composition.csproj", "{E4CD1279-58E3-4A95-A251-1963026FCB31}"
EndProject
Global
	GlobalSection(SolutionConfigurationPlatforms) = preSolution
		Debug|Any CPU = Debug|Any CPU
		Release|Any CPU = Release|Any CPU
	EndGlobalSection
	GlobalSection(ProjectConfigurationPlatforms) = postSolution
		{356C0C83-E896-43D5-8294-6D5C1FF18050}.Debug|Any CPU.ActiveCfg = Debug|Any CPU
		{356C0C83-E896-43D5-8294-6D5C1FF18050}.Debug|Any CPU.Build.0 = Debug|Any CPU
		{356C0C83-E896-43D5-8294-6D5C1FF18050}.Release|Any CPU.ActiveCfg = Release|Any CPU
		{356C0C83-E896-43D5-8294-6D5C1FF18050}.Release|Any CPU.Build.0 = Release|Any CPU
		{95EEF4A4-7F04-495B-8DD2-544E2FE02E05}.Debug|Any CPU.ActiveCfg = Debug|Any CPU
		{95EEF4A4-7F04-495B-8DD2-544E2FE02E05}.Debug|Any CPU.Build.0 = Debug|Any CPU
		{95EEF4A4-7F04-495B-8DD2-544E2FE02E05}.Release|Any CPU.ActiveCfg = Release|Any CPU
		{95EEF4A4-7F04-495B-8DD2-544E2FE02E05}.Release|Any CPU.Build.0 = Release|Any CPU
		{15CF52D3-B7F4-4FED-BE83-9A4E8B941DD4}.Debug|Any CPU.ActiveCfg = Debug|Any CPU
		{15CF52D3-B7F4-4FED-BE83-9A4E8B941DD4}.Debug|Any CPU.Build.0 = Debug|Any CPU
		{15CF52D3-B7F4-4FED-BE83-9A4E8B941DD4}.Release|Any CPU.ActiveCfg = Release|Any CPU
		{15CF52D3-B7F4-4FED-BE83-9A4E8B941DD4}.Release|Any CPU.Build.0 = Release|Any CPU
		{539D9945-49CA-4AC3-BAF5-1BAA63E4397E}.Debug|Any CPU.ActiveCfg = Debug|Any CPU
		{539D9945-49CA-4AC3-BAF5-1BAA63E4397E}.Debug|Any CPU.Build.0 = Debug|Any CPU
		{539D9945-49CA-4AC3-BAF5-1BAA63E4397E}.Release|Any CPU.ActiveCfg = Release|Any CPU
		{539D9945-49CA-4AC3-BAF5-1BAA63E4397E}.Release|Any CPU.Build.0 = Release|Any CPU
		{0D6B185A-D6DA-4995-B6AF-238FB7E3BFBD}.Debug|Any CPU.ActiveCfg = Debug|Any CPU
		{0D6B185A-D6DA-4995-B6AF-238FB7E3BFBD}.Debug|Any CPU.Build.0 = Debug|Any CPU
		{0D6B185A-D6DA-4995-B6AF-238FB7E3BFBD}.Release|Any CPU.ActiveCfg = Release|Any CPU
		{0D6B185A-D6DA-4995-B6AF-238FB7E3BFBD}.Release|Any CPU.Build.0 = Release|Any CPU
		{00F47F69-E339-44E2-8E30-D61D1FC0A213}.Debug|Any CPU.ActiveCfg = Debug|Any CPU
		{00F47F69-E339-44E2-8E30-D61D1FC0A213}.Debug|Any CPU.Build.0 = Debug|Any CPU
		{00F47F69-E339-44E2-8E30-D61D1FC0A213}.Release|Any CPU.ActiveCfg = Release|Any CPU
		{00F47F69-E339-44E2-8E30-D61D1FC0A213}.Release|Any CPU.Build.0 = Release|Any CPU
		{29BDA849-309A-496B-9A54-0CF339FD4F51}.Debug|Any CPU.ActiveCfg = Debug|Any CPU
		{29BDA849-309A-496B-9A54-0CF339FD4F51}.Debug|Any CPU.Build.0 = Debug|Any CPU
		{29BDA849-309A-496B-9A54-0CF339FD4F51}.Release|Any CPU.ActiveCfg = Release|Any CPU
		{29BDA849-309A-496B-9A54-0CF339FD4F51}.Release|Any CPU.Build.0 = Release|Any CPU
		{0993B43A-C663-4BB1-B723-9AB33EDF967A}.Debug|Any CPU.ActiveCfg = Debug|Any CPU
		{0993B43A-C663-4BB1-B723-9AB33EDF967A}.Debug|Any CPU.Build.0 = Debug|Any CPU
		{0993B43A-C663-4BB1-B723-9AB33EDF967A}.Release|Any CPU.ActiveCfg = Release|Any CPU
		{0993B43A-C663-4BB1-B723-9AB33EDF967A}.Release|Any CPU.Build.0 = Release|Any CPU
		{9E9A6174-4B32-47D3-A6FB-8EEFFD2BA068}.Debug|Any CPU.ActiveCfg = Debug|Any CPU
		{9E9A6174-4B32-47D3-A6FB-8EEFFD2BA068}.Debug|Any CPU.Build.0 = Debug|Any CPU
		{9E9A6174-4B32-47D3-A6FB-8EEFFD2BA068}.Release|Any CPU.ActiveCfg = Release|Any CPU
		{9E9A6174-4B32-47D3-A6FB-8EEFFD2BA068}.Release|Any CPU.Build.0 = Release|Any CPU
		{7CB20AEA-6471-4A8C-A679-15EDE13BCEFA}.Debug|Any CPU.ActiveCfg = Debug|Any CPU
		{7CB20AEA-6471-4A8C-A679-15EDE13BCEFA}.Debug|Any CPU.Build.0 = Debug|Any CPU
		{7CB20AEA-6471-4A8C-A679-15EDE13BCEFA}.Release|Any CPU.ActiveCfg = Release|Any CPU
		{7CB20AEA-6471-4A8C-A679-15EDE13BCEFA}.Release|Any CPU.Build.0 = Release|Any CPU
		{3A38B0EB-D061-4D03-BF1E-329D94450593}.Debug|Any CPU.ActiveCfg = Debug|Any CPU
		{3A38B0EB-D061-4D03-BF1E-329D94450593}.Debug|Any CPU.Build.0 = Debug|Any CPU
		{3A38B0EB-D061-4D03-BF1E-329D94450593}.Release|Any CPU.ActiveCfg = Release|Any CPU
		{3A38B0EB-D061-4D03-BF1E-329D94450593}.Release|Any CPU.Build.0 = Release|Any CPU
		{E4CD1279-58E3-4A95-A251-1963026FCB31}.Debug|Any CPU.ActiveCfg = Debug|Any CPU
		{E4CD1279-58E3-4A95-A251-1963026FCB31}.Debug|Any CPU.Build.0 = Debug|Any CPU
		{E4CD1279-58E3-4A95-A251-1963026FCB31}.Release|Any CPU.ActiveCfg = Release|Any CPU
		{E4CD1279-58E3-4A95-A251-1963026FCB31}.Release|Any CPU.Build.0 = Release|Any CPU
	EndGlobalSection
	GlobalSection(SolutionProperties) = preSolution
		HideSolutionNode = FALSE
	EndGlobalSection
	GlobalSection(NestedProjects) = preSolution
		{95EEF4A4-7F04-495B-8DD2-544E2FE02E05} = {32E62CF5-79E7-47EB-B2E8-035BDD8B9916}
		{356C0C83-E896-43D5-8294-6D5C1FF18050} = {32E62CF5-79E7-47EB-B2E8-035BDD8B9916}
		{15CF52D3-B7F4-4FED-BE83-9A4E8B941DD4} = {26A0705C-F68B-4877-B980-CAC93F4B0053}
		{00F47F69-E339-44E2-8E30-D61D1FC0A213} = {26A0705C-F68B-4877-B980-CAC93F4B0053}
		{0D6B185A-D6DA-4995-B6AF-238FB7E3BFBD} = {A3560D61-5985-47B8-B3C0-6B6FAC46DD0F}
		{AC9E9739-6D9D-43C1-AC47-CC34237E5453} = {5B35BBF2-A538-497E-9101-110405355BB6}
		{56065458-94E5-4F81-ACD4-902EA6D83DCB} = {AC9E9739-6D9D-43C1-AC47-CC34237E5453}
		{9A88ADC4-025D-4793-9BAA-F0F42F89DE07} = {AC9E9739-6D9D-43C1-AC47-CC34237E5453}
		{0993B43A-C663-4BB1-B723-9AB33EDF967A} = {56065458-94E5-4F81-ACD4-902EA6D83DCB}
		{9E9A6174-4B32-47D3-A6FB-8EEFFD2BA068} = {56065458-94E5-4F81-ACD4-902EA6D83DCB}
		{7CB20AEA-6471-4A8C-A679-15EDE13BCEFA} = {56065458-94E5-4F81-ACD4-902EA6D83DCB}
		{E4CD1279-58E3-4A95-A251-1963026FCB31} = {56065458-94E5-4F81-ACD4-902EA6D83DCB}
		{3A38B0EB-D061-4D03-BF1E-329D94450593} = {9A88ADC4-025D-4793-9BAA-F0F42F89DE07}
	EndGlobalSection
EndGlobal
