
Microsoft Visual Studio Solution File, Format Version 12.00
# Visual Studio 2013
VisualStudioVersion = 12.0.21005.1
MinimumVisualStudioVersion = 10.0.40219.1
Project("{2150E333-8FDC-42A3-9474-1A3956D46DE8}") = ".nuget", ".nuget", "{1386A480-4524-4967-B853-6735BBE74740}"
	ProjectSection(SolutionItems) = preProject
		.nuget\NuGet.Config = .nuget\NuGet.Config
		.nuget\NuGet.exe = .nuget\NuGet.exe
		.nuget\NuGet.targets = .nuget\NuGet.targets
	EndProjectSection
EndProject
Project("{FAE04EC0-301F-11D3-BF4B-00C04F79EFBC}") = "Harness", "Harness\Harness.csproj", "{0F713405-EEF7-4927-995D-1F6692C0BF5B}"
EndProject
Project("{2150E333-8FDC-42A3-9474-1A3956D46DE8}") = ".Net Framework", ".Net Framework", "{DE3DA51F-1769-415B-8A59-44119D894E75}"
EndProject
Project("{2150E333-8FDC-42A3-9474-1A3956D46DE8}") = "Caliburn.Micro", "Caliburn.Micro", "{6062556E-F290-4775-BE16-C8A00BD0A5EA}"
EndProject
Project("{FAE04EC0-301F-11D3-BF4B-00C04F79EFBC}") = "Harness.Net.Caliburn.Micro", "Harness.Net.Caliburn.Micro\Harness.Net.Caliburn.Micro.csproj", "{C9009BC2-3472-4CC1-ABE5-413B3E1CECF9}"
EndProject
Project("{2150E333-8FDC-42A3-9474-1A3956D46DE8}") = "Web", "Web", "{AE522581-0218-4D58-8541-9F63917A2E38}"
EndProject
Project("{FAE04EC0-301F-11D3-BF4B-00C04F79EFBC}") = "Harness.Web", "Harness.Web\Harness.Web.csproj", "{EBBD0F8D-1F6E-4323-B1FE-DE7EA469A27A}"
EndProject
Project("{FAE04EC0-301F-11D3-BF4B-00C04F79EFBC}") = "Harness.Site", "Harness.Site\Harness.Site.csproj", "{6482BF3D-F396-4814-9392-5DDEA2654ADC}"
EndProject
Project("{FAE04EC0-301F-11D3-BF4B-00C04F79EFBC}") = "Harness.Site.Server", "Harness.Site.Server\Harness.Site.Server.csproj", "{E3AFC2FC-2D35-4C4D-9A80-A511377ADE1E}"
EndProject
Project("{FAE04EC0-301F-11D3-BF4B-00C04F79EFBC}") = "Harness.Owin", "Harness.OWIN\Harness.Owin.csproj", "{DD3631FB-B104-498B-B50C-E4DFC291477D}"
EndProject
Project("{FAE04EC0-301F-11D3-BF4B-00C04F79EFBC}") = "Harness.Autofac", "Harness.Autofac\Harness.Autofac.csproj", "{C22014C9-5F4E-45CF-8EA0-2A714D66C0CB}"
EndProject
Project("{2150E333-8FDC-42A3-9474-1A3956D46DE8}") = "iOS", "iOS", "{EA30BE24-D60E-4E5F-AE06-FF6DE310187A}"
EndProject
Project("{2150E333-8FDC-42A3-9474-1A3956D46DE8}") = "ReactiveUI", "ReactiveUI", "{641C72D6-9A96-4F93-B263-E0523B85C129}"
EndProject
Project("{FAE04EC0-301F-11D3-BF4B-00C04F79EFBC}") = "Harness.iOS", "Harness.iOS\Harness.iOS.csproj", "{A4150738-5520-4A7A-A30C-D52C2939ACE1}"
EndProject
Project("{2150E333-8FDC-42A3-9474-1A3956D46DE8}") = "Platforms", "Platforms", "{F87A80BF-4744-4B85-8193-6ED84CA2D14F}"
EndProject
Project("{2150E333-8FDC-42A3-9474-1A3956D46DE8}") = "Frameworks", "Frameworks", "{1A092D7F-533C-40E4-94F9-026E379C4315}"
EndProject
Project("{2150E333-8FDC-42A3-9474-1A3956D46DE8}") = "Services", "Services", "{020FE2F5-0B94-41A2-871D-FFDF5DECABCD}"
EndProject
Project("{FAE04EC0-301F-11D3-BF4B-00C04F79EFBC}") = "Harness.TinyIOC", "Harness.TinyIOC\Harness.TinyIOC.csproj", "{60AF9C5F-C443-4DDE-920F-74E89727F612}"
EndProject
Project("{FAE04EC0-301F-11D3-BF4B-00C04F79EFBC}") = "Harness.TinyMessenger", "Harness.TinyMessenger\Harness.TinyMessenger.csproj", "{A01612FA-B9E1-4A77-9BBD-D577EE5A02FE}"
EndProject
Project("{2150E333-8FDC-42A3-9474-1A3956D46DE8}") = "System", "System", "{424F8933-76F0-475A-8FC9-7F8BCB0E6148}"
EndProject
Project("{FAE04EC0-301F-11D3-BF4B-00C04F79EFBC}") = "System.Abstractions", "System.Abstractions\System.Abstractions.csproj", "{B0722A49-4916-46A2-BFB2-909ECDED2B77}"
EndProject
Project("{FAE04EC0-301F-11D3-BF4B-00C04F79EFBC}") = "System.Composition", "System.Composition\System.Composition.csproj", "{56C5A053-85F1-41CF-B704-FAA427C91C37}"
EndProject
Project("{FAE04EC0-301F-11D3-BF4B-00C04F79EFBC}") = "System.Extensions", "System.Extensions\System.Extensions.csproj", "{CA7AB995-1105-40EE-9D3D-3D2A87778E00}"
EndProject
Project("{FAE04EC0-301F-11D3-BF4B-00C04F79EFBC}") = "System.Implementations.Net", "System.Implementations.Net\System.Implementations.Net.csproj", "{2E71A44B-ABB7-4676-B591-FD7873750506}"
EndProject
Global
	GlobalSection(SolutionConfigurationPlatforms) = preSolution
		Debug|Any CPU = Debug|Any CPU
		Release|Any CPU = Release|Any CPU
	EndGlobalSection
	GlobalSection(ProjectConfigurationPlatforms) = postSolution
		{0F713405-EEF7-4927-995D-1F6692C0BF5B}.Debug|Any CPU.ActiveCfg = Debug|Any CPU
		{0F713405-EEF7-4927-995D-1F6692C0BF5B}.Debug|Any CPU.Build.0 = Debug|Any CPU
		{0F713405-EEF7-4927-995D-1F6692C0BF5B}.Release|Any CPU.ActiveCfg = Release|Any CPU
		{0F713405-EEF7-4927-995D-1F6692C0BF5B}.Release|Any CPU.Build.0 = Release|Any CPU
		{C9009BC2-3472-4CC1-ABE5-413B3E1CECF9}.Debug|Any CPU.ActiveCfg = Debug|Any CPU
		{C9009BC2-3472-4CC1-ABE5-413B3E1CECF9}.Debug|Any CPU.Build.0 = Debug|Any CPU
		{C9009BC2-3472-4CC1-ABE5-413B3E1CECF9}.Release|Any CPU.ActiveCfg = Release|Any CPU
		{C9009BC2-3472-4CC1-ABE5-413B3E1CECF9}.Release|Any CPU.Build.0 = Release|Any CPU
		{EBBD0F8D-1F6E-4323-B1FE-DE7EA469A27A}.Debug|Any CPU.ActiveCfg = Debug|Any CPU
		{EBBD0F8D-1F6E-4323-B1FE-DE7EA469A27A}.Debug|Any CPU.Build.0 = Debug|Any CPU
		{EBBD0F8D-1F6E-4323-B1FE-DE7EA469A27A}.Release|Any CPU.ActiveCfg = Release|Any CPU
		{EBBD0F8D-1F6E-4323-B1FE-DE7EA469A27A}.Release|Any CPU.Build.0 = Release|Any CPU
		{6482BF3D-F396-4814-9392-5DDEA2654ADC}.Debug|Any CPU.ActiveCfg = Debug|Any CPU
		{6482BF3D-F396-4814-9392-5DDEA2654ADC}.Debug|Any CPU.Build.0 = Debug|Any CPU
		{6482BF3D-F396-4814-9392-5DDEA2654ADC}.Release|Any CPU.ActiveCfg = Release|Any CPU
		{6482BF3D-F396-4814-9392-5DDEA2654ADC}.Release|Any CPU.Build.0 = Release|Any CPU
		{E3AFC2FC-2D35-4C4D-9A80-A511377ADE1E}.Debug|Any CPU.ActiveCfg = Debug|Any CPU
		{E3AFC2FC-2D35-4C4D-9A80-A511377ADE1E}.Debug|Any CPU.Build.0 = Debug|Any CPU
		{E3AFC2FC-2D35-4C4D-9A80-A511377ADE1E}.Release|Any CPU.ActiveCfg = Release|Any CPU
		{E3AFC2FC-2D35-4C4D-9A80-A511377ADE1E}.Release|Any CPU.Build.0 = Release|Any CPU
		{DD3631FB-B104-498B-B50C-E4DFC291477D}.Debug|Any CPU.ActiveCfg = Debug|Any CPU
		{DD3631FB-B104-498B-B50C-E4DFC291477D}.Debug|Any CPU.Build.0 = Debug|Any CPU
		{DD3631FB-B104-498B-B50C-E4DFC291477D}.Release|Any CPU.ActiveCfg = Release|Any CPU
		{DD3631FB-B104-498B-B50C-E4DFC291477D}.Release|Any CPU.Build.0 = Release|Any CPU
		{C22014C9-5F4E-45CF-8EA0-2A714D66C0CB}.Debug|Any CPU.ActiveCfg = Debug|Any CPU
		{C22014C9-5F4E-45CF-8EA0-2A714D66C0CB}.Debug|Any CPU.Build.0 = Debug|Any CPU
		{C22014C9-5F4E-45CF-8EA0-2A714D66C0CB}.Release|Any CPU.ActiveCfg = Release|Any CPU
		{C22014C9-5F4E-45CF-8EA0-2A714D66C0CB}.Release|Any CPU.Build.0 = Release|Any CPU
		{A4150738-5520-4A7A-A30C-D52C2939ACE1}.Debug|Any CPU.ActiveCfg = Debug|Any CPU
		{A4150738-5520-4A7A-A30C-D52C2939ACE1}.Debug|Any CPU.Build.0 = Debug|Any CPU
		{A4150738-5520-4A7A-A30C-D52C2939ACE1}.Release|Any CPU.ActiveCfg = Release|Any CPU
		{A4150738-5520-4A7A-A30C-D52C2939ACE1}.Release|Any CPU.Build.0 = Release|Any CPU
		{60AF9C5F-C443-4DDE-920F-74E89727F612}.Debug|Any CPU.ActiveCfg = Debug|Any CPU
		{60AF9C5F-C443-4DDE-920F-74E89727F612}.Debug|Any CPU.Build.0 = Debug|Any CPU
		{60AF9C5F-C443-4DDE-920F-74E89727F612}.Release|Any CPU.ActiveCfg = Release|Any CPU
		{60AF9C5F-C443-4DDE-920F-74E89727F612}.Release|Any CPU.Build.0 = Release|Any CPU
		{A01612FA-B9E1-4A77-9BBD-D577EE5A02FE}.Debug|Any CPU.ActiveCfg = Debug|Any CPU
		{A01612FA-B9E1-4A77-9BBD-D577EE5A02FE}.Debug|Any CPU.Build.0 = Debug|Any CPU
		{A01612FA-B9E1-4A77-9BBD-D577EE5A02FE}.Release|Any CPU.ActiveCfg = Release|Any CPU
		{A01612FA-B9E1-4A77-9BBD-D577EE5A02FE}.Release|Any CPU.Build.0 = Release|Any CPU
		{B0722A49-4916-46A2-BFB2-909ECDED2B77}.Debug|Any CPU.ActiveCfg = Debug|Any CPU
		{B0722A49-4916-46A2-BFB2-909ECDED2B77}.Debug|Any CPU.Build.0 = Debug|Any CPU
		{B0722A49-4916-46A2-BFB2-909ECDED2B77}.Release|Any CPU.ActiveCfg = Release|Any CPU
		{B0722A49-4916-46A2-BFB2-909ECDED2B77}.Release|Any CPU.Build.0 = Release|Any CPU
		{56C5A053-85F1-41CF-B704-FAA427C91C37}.Debug|Any CPU.ActiveCfg = Debug|Any CPU
		{56C5A053-85F1-41CF-B704-FAA427C91C37}.Debug|Any CPU.Build.0 = Debug|Any CPU
		{56C5A053-85F1-41CF-B704-FAA427C91C37}.Release|Any CPU.ActiveCfg = Release|Any CPU
		{56C5A053-85F1-41CF-B704-FAA427C91C37}.Release|Any CPU.Build.0 = Release|Any CPU
		{CA7AB995-1105-40EE-9D3D-3D2A87778E00}.Debug|Any CPU.ActiveCfg = Debug|Any CPU
		{CA7AB995-1105-40EE-9D3D-3D2A87778E00}.Debug|Any CPU.Build.0 = Debug|Any CPU
		{CA7AB995-1105-40EE-9D3D-3D2A87778E00}.Release|Any CPU.ActiveCfg = Release|Any CPU
		{CA7AB995-1105-40EE-9D3D-3D2A87778E00}.Release|Any CPU.Build.0 = Release|Any CPU
		{2E71A44B-ABB7-4676-B591-FD7873750506}.Debug|Any CPU.ActiveCfg = Debug|Any CPU
		{2E71A44B-ABB7-4676-B591-FD7873750506}.Debug|Any CPU.Build.0 = Debug|Any CPU
		{2E71A44B-ABB7-4676-B591-FD7873750506}.Release|Any CPU.ActiveCfg = Release|Any CPU
		{2E71A44B-ABB7-4676-B591-FD7873750506}.Release|Any CPU.Build.0 = Release|Any CPU
	EndGlobalSection
	GlobalSection(SolutionProperties) = preSolution
		HideSolutionNode = FALSE
	EndGlobalSection
	GlobalSection(NestedProjects) = preSolution
		{DE3DA51F-1769-415B-8A59-44119D894E75} = {F87A80BF-4744-4B85-8193-6ED84CA2D14F}
		{AE522581-0218-4D58-8541-9F63917A2E38} = {F87A80BF-4744-4B85-8193-6ED84CA2D14F}
		{EA30BE24-D60E-4E5F-AE06-FF6DE310187A} = {F87A80BF-4744-4B85-8193-6ED84CA2D14F}
		{2E71A44B-ABB7-4676-B591-FD7873750506} = {DE3DA51F-1769-415B-8A59-44119D894E75}
		{6062556E-F290-4775-BE16-C8A00BD0A5EA} = {1A092D7F-533C-40E4-94F9-026E379C4315}
		{641C72D6-9A96-4F93-B263-E0523B85C129} = {1A092D7F-533C-40E4-94F9-026E379C4315}
		{C9009BC2-3472-4CC1-ABE5-413B3E1CECF9} = {6062556E-F290-4775-BE16-C8A00BD0A5EA}
		{EBBD0F8D-1F6E-4323-B1FE-DE7EA469A27A} = {AE522581-0218-4D58-8541-9F63917A2E38}
		{6482BF3D-F396-4814-9392-5DDEA2654ADC} = {AE522581-0218-4D58-8541-9F63917A2E38}
		{E3AFC2FC-2D35-4C4D-9A80-A511377ADE1E} = {AE522581-0218-4D58-8541-9F63917A2E38}
		{DD3631FB-B104-498B-B50C-E4DFC291477D} = {AE522581-0218-4D58-8541-9F63917A2E38}
		{C22014C9-5F4E-45CF-8EA0-2A714D66C0CB} = {020FE2F5-0B94-41A2-871D-FFDF5DECABCD}
		{60AF9C5F-C443-4DDE-920F-74E89727F612} = {020FE2F5-0B94-41A2-871D-FFDF5DECABCD}
		{A01612FA-B9E1-4A77-9BBD-D577EE5A02FE} = {020FE2F5-0B94-41A2-871D-FFDF5DECABCD}
		{A4150738-5520-4A7A-A30C-D52C2939ACE1} = {EA30BE24-D60E-4E5F-AE06-FF6DE310187A}
		{B0722A49-4916-46A2-BFB2-909ECDED2B77} = {424F8933-76F0-475A-8FC9-7F8BCB0E6148}
		{56C5A053-85F1-41CF-B704-FAA427C91C37} = {424F8933-76F0-475A-8FC9-7F8BCB0E6148}
		{CA7AB995-1105-40EE-9D3D-3D2A87778E00} = {424F8933-76F0-475A-8FC9-7F8BCB0E6148}
	EndGlobalSection
EndGlobal
